
Microsoft Visual Studio Solution File, Format Version 12.00
# Visual Studio Version 17
VisualStudioVersion = 17.0.32014.148
MinimumVisualStudioVersion = 10.0.40219.1
Project("{FAE04EC0-301F-11D3-BF4B-00C04F79EFBC}") = "PdfUnlocker", "PdfUnlocker.csproj", "{262805F2-CEE0-4205-8C76-E3B10D86C022}"
EndProject
Global
	GlobalSection(SolutionConfigurationPlatforms) = preSolution
		Debug|Any CPU = Debug|Any CPU
		Release|Any CPU = Release|Any CPU
	EndGlobalSection
	GlobalSection(ProjectConfigurationPlatforms) = postSolution
		{262805F2-CEE0-4205-8C76-E3B10D86C022}.Debug|Any CPU.ActiveCfg = Debug|Any CPU
		{262805F2-CEE0-4205-8C76-E3B10D86C022}.Debug|Any CPU.Build.0 = Debug|Any CPU
		{262805F2-CEE0-4205-8C76-E3B10D86C022}.Release|Any CPU.ActiveCfg = Release|Any CPU
		{262805F2-CEE0-4205-8C76-E3B10D86C022}.Release|Any CPU.Build.0 = Release|Any CPU
	EndGlobalSection
	GlobalSection(SolutionProperties) = preSolution
		HideSolutionNode = FALSE
	EndGlobalSection
	GlobalSection(ExtensibilityGlobals) = postSolution
		SolutionGuid = {16984ED1-0753-4B20-9CBC-59FF3062C8AE}
	EndGlobalSection
EndGlobal
